
Microsoft Visual Studio Solution File, Format Version 12.00
# Visual Studio Version 17
VisualStudioVersion = 17.6.33829.357
MinimumVisualStudioVersion = 10.0.40219.1
Project("{2150E333-8FDC-42A3-9474-1A3956D46DE8}") = "Services", "Services", "{B4DB67E2-6B38-4D2A-AC79-30601A77CEA4}"
EndProject
Project("{2150E333-8FDC-42A3-9474-1A3956D46DE8}") = "Catalog", "Catalog", "{7F647046-40FA-425C-B24C-FA6338F3073F}"
EndProject
Project("{9A19103F-16F7-4668-BE54-9A1E7A4F7556}") = "Catalog.API", "Services\Catalog\Catalog.API\Catalog.API.csproj", "{F0ED93F3-4F6B-42CA-9D65-1B231394960C}"
EndProject
Project("{E53339B2-1760-4266-BCC7-CA923CBCF16C}") = "docker-compose", "docker-compose.dcproj", "{E8AFB5A5-FDA4-4023-979D-2BB18A9402C9}"
EndProject
Project("{2150E333-8FDC-42A3-9474-1A3956D46DE8}") = "Basket", "Basket", "{2B237957-99D8-47A4-BD4E-1396AD020552}"
EndProject
Project("{9A19103F-16F7-4668-BE54-9A1E7A4F7556}") = "Basket.API", "Services\Basket\Basket.API\Basket.API.csproj", "{ECD0C092-9FF7-468E-B963-996BB5E9DFA1}"
EndProject
Project("{2150E333-8FDC-42A3-9474-1A3956D46DE8}") = "Discount", "Discount", "{E8D16D59-F20B-456C-BAD1-655AC1A86A78}"
EndProject
Project("{9A19103F-16F7-4668-BE54-9A1E7A4F7556}") = "Discount.API", "Services\Discount\Discount.API\Discount.API.csproj", "{6D61022E-6123-4C8A-9B2D-4382DC2B240B}"
EndProject
Project("{9A19103F-16F7-4668-BE54-9A1E7A4F7556}") = "Discount.Grpc", "Services\Discount\Discount.Grpc\Discount.Grpc.csproj", "{F1902B7F-4C58-4B18-B7C2-05B2D5A9EEA4}"
EndProject
Project("{2150E333-8FDC-42A3-9474-1A3956D46DE8}") = "Ordering", "Ordering", "{022D53BA-EBF8-42EB-8372-B7A736ECA1B2}"
EndProject
Project("{FAE04EC0-301F-11D3-BF4B-00C04F79EFBC}") = "Ordering.API", "Services\Ordering\Ordering.API\Ordering.API.csproj", "{7FFD58A6-10ED-403E-B160-59AED1B034BB}"
EndProject
Project("{FAE04EC0-301F-11D3-BF4B-00C04F79EFBC}") = "Ordering.Domain", "Services\Ordering\Ordering.Domain\Ordering.Domain.csproj", "{26277AFD-BDB7-4E8E-B425-DD1D762D6FA7}"
EndProject
Project("{FAE04EC0-301F-11D3-BF4B-00C04F79EFBC}") = "Ordering.Application", "Services\Ordering\Ordering.Application\Ordering.Application.csproj", "{5D902711-F6A8-4F5E-A3C9-62407A800D77}"
EndProject
Project("{FAE04EC0-301F-11D3-BF4B-00C04F79EFBC}") = "Ordering.Infrastructure", "Services\Ordering\Ordering.Infrastructure\Ordering.Infrastructure.csproj", "{F6F94C77-CC0D-4016-BC06-8DD359C60D63}"
EndProject
Global
	GlobalSection(SolutionConfigurationPlatforms) = preSolution
		Debug|Any CPU = Debug|Any CPU
		Release|Any CPU = Release|Any CPU
	EndGlobalSection
	GlobalSection(ProjectConfigurationPlatforms) = postSolution
		{F0ED93F3-4F6B-42CA-9D65-1B231394960C}.Debug|Any CPU.ActiveCfg = Debug|Any CPU
		{F0ED93F3-4F6B-42CA-9D65-1B231394960C}.Debug|Any CPU.Build.0 = Debug|Any CPU
		{F0ED93F3-4F6B-42CA-9D65-1B231394960C}.Release|Any CPU.ActiveCfg = Release|Any CPU
		{F0ED93F3-4F6B-42CA-9D65-1B231394960C}.Release|Any CPU.Build.0 = Release|Any CPU
		{E8AFB5A5-FDA4-4023-979D-2BB18A9402C9}.Debug|Any CPU.ActiveCfg = Debug|Any CPU
		{E8AFB5A5-FDA4-4023-979D-2BB18A9402C9}.Debug|Any CPU.Build.0 = Debug|Any CPU
		{E8AFB5A5-FDA4-4023-979D-2BB18A9402C9}.Release|Any CPU.ActiveCfg = Release|Any CPU
		{E8AFB5A5-FDA4-4023-979D-2BB18A9402C9}.Release|Any CPU.Build.0 = Release|Any CPU
		{ECD0C092-9FF7-468E-B963-996BB5E9DFA1}.Debug|Any CPU.ActiveCfg = Debug|Any CPU
		{ECD0C092-9FF7-468E-B963-996BB5E9DFA1}.Debug|Any CPU.Build.0 = Debug|Any CPU
		{ECD0C092-9FF7-468E-B963-996BB5E9DFA1}.Release|Any CPU.ActiveCfg = Release|Any CPU
		{ECD0C092-9FF7-468E-B963-996BB5E9DFA1}.Release|Any CPU.Build.0 = Release|Any CPU
		{6D61022E-6123-4C8A-9B2D-4382DC2B240B}.Debug|Any CPU.ActiveCfg = Debug|Any CPU
		{6D61022E-6123-4C8A-9B2D-4382DC2B240B}.Debug|Any CPU.Build.0 = Debug|Any CPU
		{6D61022E-6123-4C8A-9B2D-4382DC2B240B}.Release|Any CPU.ActiveCfg = Release|Any CPU
		{6D61022E-6123-4C8A-9B2D-4382DC2B240B}.Release|Any CPU.Build.0 = Release|Any CPU
		{F1902B7F-4C58-4B18-B7C2-05B2D5A9EEA4}.Debug|Any CPU.ActiveCfg = Debug|Any CPU
		{F1902B7F-4C58-4B18-B7C2-05B2D5A9EEA4}.Debug|Any CPU.Build.0 = Debug|Any CPU
		{F1902B7F-4C58-4B18-B7C2-05B2D5A9EEA4}.Release|Any CPU.ActiveCfg = Release|Any CPU
		{F1902B7F-4C58-4B18-B7C2-05B2D5A9EEA4}.Release|Any CPU.Build.0 = Release|Any CPU
		{7FFD58A6-10ED-403E-B160-59AED1B034BB}.Debug|Any CPU.ActiveCfg = Debug|Any CPU
		{7FFD58A6-10ED-403E-B160-59AED1B034BB}.Debug|Any CPU.Build.0 = Debug|Any CPU
		{7FFD58A6-10ED-403E-B160-59AED1B034BB}.Release|Any CPU.ActiveCfg = Release|Any CPU
		{7FFD58A6-10ED-403E-B160-59AED1B034BB}.Release|Any CPU.Build.0 = Release|Any CPU
		{26277AFD-BDB7-4E8E-B425-DD1D762D6FA7}.Debug|Any CPU.ActiveCfg = Debug|Any CPU
		{26277AFD-BDB7-4E8E-B425-DD1D762D6FA7}.Debug|Any CPU.Build.0 = Debug|Any CPU
		{26277AFD-BDB7-4E8E-B425-DD1D762D6FA7}.Release|Any CPU.ActiveCfg = Release|Any CPU
		{26277AFD-BDB7-4E8E-B425-DD1D762D6FA7}.Release|Any CPU.Build.0 = Release|Any CPU
		{5D902711-F6A8-4F5E-A3C9-62407A800D77}.Debug|Any CPU.ActiveCfg = Debug|Any CPU
		{5D902711-F6A8-4F5E-A3C9-62407A800D77}.Debug|Any CPU.Build.0 = Debug|Any CPU
		{5D902711-F6A8-4F5E-A3C9-62407A800D77}.Release|Any CPU.ActiveCfg = Release|Any CPU
		{5D902711-F6A8-4F5E-A3C9-62407A800D77}.Release|Any CPU.Build.0 = Release|Any CPU
		{F6F94C77-CC0D-4016-BC06-8DD359C60D63}.Debug|Any CPU.ActiveCfg = Debug|Any CPU
		{F6F94C77-CC0D-4016-BC06-8DD359C60D63}.Debug|Any CPU.Build.0 = Debug|Any CPU
		{F6F94C77-CC0D-4016-BC06-8DD359C60D63}.Release|Any CPU.ActiveCfg = Release|Any CPU
		{F6F94C77-CC0D-4016-BC06-8DD359C60D63}.Release|Any CPU.Build.0 = Release|Any CPU
	EndGlobalSection
	GlobalSection(SolutionProperties) = preSolution
		HideSolutionNode = FALSE
	EndGlobalSection
	GlobalSection(NestedProjects) = preSolution
		{7F647046-40FA-425C-B24C-FA6338F3073F} = {B4DB67E2-6B38-4D2A-AC79-30601A77CEA4}
		{F0ED93F3-4F6B-42CA-9D65-1B231394960C} = {7F647046-40FA-425C-B24C-FA6338F3073F}
		{2B237957-99D8-47A4-BD4E-1396AD020552} = {B4DB67E2-6B38-4D2A-AC79-30601A77CEA4}
		{ECD0C092-9FF7-468E-B963-996BB5E9DFA1} = {2B237957-99D8-47A4-BD4E-1396AD020552}
		{E8D16D59-F20B-456C-BAD1-655AC1A86A78} = {B4DB67E2-6B38-4D2A-AC79-30601A77CEA4}
		{6D61022E-6123-4C8A-9B2D-4382DC2B240B} = {E8D16D59-F20B-456C-BAD1-655AC1A86A78}
		{F1902B7F-4C58-4B18-B7C2-05B2D5A9EEA4} = {E8D16D59-F20B-456C-BAD1-655AC1A86A78}
		{022D53BA-EBF8-42EB-8372-B7A736ECA1B2} = {B4DB67E2-6B38-4D2A-AC79-30601A77CEA4}
		{7FFD58A6-10ED-403E-B160-59AED1B034BB} = {022D53BA-EBF8-42EB-8372-B7A736ECA1B2}
		{26277AFD-BDB7-4E8E-B425-DD1D762D6FA7} = {022D53BA-EBF8-42EB-8372-B7A736ECA1B2}
		{5D902711-F6A8-4F5E-A3C9-62407A800D77} = {022D53BA-EBF8-42EB-8372-B7A736ECA1B2}
		{F6F94C77-CC0D-4016-BC06-8DD359C60D63} = {022D53BA-EBF8-42EB-8372-B7A736ECA1B2}
	EndGlobalSection
	GlobalSection(ExtensibilityGlobals) = postSolution
		SolutionGuid = {0835E5A5-5C63-444D-ADCA-35E876A5C858}
	EndGlobalSection
EndGlobal
